
Microsoft Visual Studio Solution File, Format Version 12.00
# Visual Studio Version 17
VisualStudioVersion = 17.4.33213.308
MinimumVisualStudioVersion = 10.0.40219.1
Project("{FAE04EC0-301F-11D3-BF4B-00C04F79EFBC}") = "BE DeveloperTest", "BE DeveloperTest\BE DeveloperTest.csproj", "{81F6A316-CA18-46A0-8C09-6A471CE9024F}"
EndProject
Global
	GlobalSection(SolutionConfigurationPlatforms) = preSolution
		Debug|Any CPU = Debug|Any CPU
		Release|Any CPU = Release|Any CPU
	EndGlobalSection
	GlobalSection(ProjectConfigurationPlatforms) = postSolution
		{81F6A316-CA18-46A0-8C09-6A471CE9024F}.Debug|Any CPU.ActiveCfg = Debug|Any CPU
		{81F6A316-CA18-46A0-8C09-6A471CE9024F}.Debug|Any CPU.Build.0 = Debug|Any CPU
		{81F6A316-CA18-46A0-8C09-6A471CE9024F}.Release|Any CPU.ActiveCfg = Release|Any CPU
		{81F6A316-CA18-46A0-8C09-6A471CE9024F}.Release|Any CPU.Build.0 = Release|Any CPU
	EndGlobalSection
	GlobalSection(SolutionProperties) = preSolution
		HideSolutionNode = FALSE
	EndGlobalSection
	GlobalSection(ExtensibilityGlobals) = postSolution
		SolutionGuid = {68ED0C6F-3B89-4E31-932F-654D53D8B702}
	EndGlobalSection
EndGlobal
